{
  "pins" : [
    {
      "identity" : "kuring-campus-map-ios",
      "kind" : "remoteSourceControl",
      "location" : "https://github.com/KU-Stacks/kuring-campus-map-ios",
      "state" : {
        "branch" : "main",
        "revision" : "c1e1d0ee689e59cbff39c0f6670ea756519d1cd2"
      }
    },
    {
      "identity" : "snapkit",
      "kind" : "remoteSourceControl",
      "location" : "https://github.com/SnapKit/SnapKit",
      "state" : {
        "revision" : "f222cbdf325885926566172f6f5f06af95473158",
        "version" : "5.6.0"
      }
    }
  ],
  "version" : 2
}
