{
  "pins" : [
    {
      "identity" : "kuring-campus-map-ios",
      "kind" : "remoteSourceControl",
      "location" : "https://github.com/KU-Stacks/kuring-campus-map-ios",
      "state" : {
        "revision" : "6ff2b9781f67e047855a13209db88e4e8d65bc98",
        "version" : "1.0.4"
      }
    },
    {
      "identity" : "snapkit",
      "kind" : "remoteSourceControl",
      "location" : "https://github.com/SnapKit/SnapKit",
      "state" : {
        "revision" : "f222cbdf325885926566172f6f5f06af95473158",
        "version" : "5.6.0"
      }
    }
  ],
  "version" : 2
}
