// !$*UTF8*$!
{
	archiveVersion = 1;
	classes = {
	};
	objectVersion = 55;
	objects = {

/* Begin PBXBuildFile section */
		B12672A428B6046000C63ACC /* kuring-campus-map-ios in Frameworks */ = {isa = PBXBuildFile; productRef = B12672A328B6046000C63ACC /* kuring-campus-map-ios */; };
		B12672A728B6048100C63ACC /* SnapKit in Frameworks */ = {isa = PBXBuildFile; productRef = B12672A628B6048100C63ACC /* SnapKit */; };
		B12672AA28B6049400C63ACC /* SnapKit in Frameworks */ = {isa = PBXBuildFile; productRef = B12672A928B6049400C63ACC /* SnapKit */; };
		B1B2ACC528B5535600540858 /* AppDelegate.swift in Sources */ = {isa = PBXBuildFile; fileRef = B1B2ACC428B5535600540858 /* AppDelegate.swift */; };
		B1B2ACC728B5535600540858 /* SceneDelegate.swift in Sources */ = {isa = PBXBuildFile; fileRef = B1B2ACC628B5535600540858 /* SceneDelegate.swift */; };
		B1B2ACCE28B5535700540858 /* Assets.xcassets in Resources */ = {isa = PBXBuildFile; fileRef = B1B2ACCD28B5535700540858 /* Assets.xcassets */; };
		B1B2ACD128B5535700540858 /* LaunchScreen.storyboard in Resources */ = {isa = PBXBuildFile; fileRef = B1B2ACCF28B5535700540858 /* LaunchScreen.storyboard */; };
/* End PBXBuildFile section */

/* Begin PBXFileReference section */
		B1B2ACC128B5535600540858 /* KuringCampusMapExample.app */ = {isa = PBXFileReference; explicitFileType = wrapper.application; includeInIndex = 0; path = KuringCampusMapExample.app; sourceTree = BUILT_PRODUCTS_DIR; };
		B1B2ACC428B5535600540858 /* AppDelegate.swift */ = {isa = PBXFileReference; lastKnownFileType = sourcecode.swift; path = AppDelegate.swift; sourceTree = "<group>"; };
		B1B2ACC628B5535600540858 /* SceneDelegate.swift */ = {isa = PBXFileReference; lastKnownFileType = sourcecode.swift; path = SceneDelegate.swift; sourceTree = "<group>"; };
		B1B2ACCD28B5535700540858 /* Assets.xcassets */ = {isa = PBXFileReference; lastKnownFileType = folder.assetcatalog; path = Assets.xcassets; sourceTree = "<group>"; };
		B1B2ACD028B5535700540858 /* Base */ = {isa = PBXFileReference; lastKnownFileType = file.storyboard; name = Base; path = Base.lproj/LaunchScreen.storyboard; sourceTree = "<group>"; };
		B1B2ACD228B5535700540858 /* Info.plist */ = {isa = PBXFileReference; lastKnownFileType = text.plist.xml; path = Info.plist; sourceTree = "<group>"; };
		B1B2ACD928B5546500540858 /* KuringCampusMapFramework.framework */ = {isa = PBXFileReference; explicitFileType = wrapper.framework; path = KuringCampusMapFramework.framework; sourceTree = BUILT_PRODUCTS_DIR; };
/* End PBXFileReference section */

/* Begin PBXFrameworksBuildPhase section */
		B1B2ACBE28B5535600540858 /* Frameworks */ = {
			isa = PBXFrameworksBuildPhase;
			buildActionMask = 2147483647;
			files = (
				B12672AA28B6049400C63ACC /* SnapKit in Frameworks */,
				B12672A428B6046000C63ACC /* kuring-campus-map-ios in Frameworks */,
				B12672A728B6048100C63ACC /* SnapKit in Frameworks */,
			);
			runOnlyForDeploymentPostprocessing = 0;
		};
/* End PBXFrameworksBuildPhase section */

/* Begin PBXGroup section */
		B1B2ACB828B5535600540858 = {
			isa = PBXGroup;
			children = (
				B1B2ACC328B5535600540858 /* KuringCampusMapExample */,
				B1B2ACC228B5535600540858 /* Products */,
				B1B2ACD828B5546500540858 /* Frameworks */,
			);
			sourceTree = "<group>";
		};
		B1B2ACC228B5535600540858 /* Products */ = {
			isa = PBXGroup;
			children = (
				B1B2ACC128B5535600540858 /* KuringCampusMapExample.app */,
			);
			name = Products;
			sourceTree = "<group>";
		};
		B1B2ACC328B5535600540858 /* KuringCampusMapExample */ = {
			isa = PBXGroup;
			children = (
				B1B2ACC428B5535600540858 /* AppDelegate.swift */,
				B1B2ACC628B5535600540858 /* SceneDelegate.swift */,
				B1B2ACCD28B5535700540858 /* Assets.xcassets */,
				B1B2ACCF28B5535700540858 /* LaunchScreen.storyboard */,
				B1B2ACD228B5535700540858 /* Info.plist */,
			);
			path = KuringCampusMapExample;
			sourceTree = "<group>";
		};
		B1B2ACD828B5546500540858 /* Frameworks */ = {
			isa = PBXGroup;
			children = (
				B1B2ACD928B5546500540858 /* KuringCampusMapFramework.framework */,
			);
			name = Frameworks;
			sourceTree = "<group>";
		};
/* End PBXGroup section */

/* Begin PBXNativeTarget section */
		B1B2ACC028B5535600540858 /* KuringCampusMapExample */ = {
			isa = PBXNativeTarget;
			buildConfigurationList = B1B2ACD528B5535700540858 /* Build configuration list for PBXNativeTarget "KuringCampusMapExample" */;
			buildPhases = (
				B1B2ACBD28B5535600540858 /* Sources */,
				B1B2ACBE28B5535600540858 /* Frameworks */,
				B1B2ACBF28B5535600540858 /* Resources */,
			);
			buildRules = (
			);
			dependencies = (
			);
			name = KuringCampusMapExample;
			packageProductDependencies = (
				B12672A328B6046000C63ACC /* kuring-campus-map-ios */,
				B12672A628B6048100C63ACC /* SnapKit */,
				B12672A928B6049400C63ACC /* SnapKit */,
			);
			productName = KuringCampusMapExample;
			productReference = B1B2ACC128B5535600540858 /* KuringCampusMapExample.app */;
			productType = "com.apple.product-type.application";
		};
/* End PBXNativeTarget section */

/* Begin PBXProject section */
		B1B2ACB928B5535600540858 /* Project object */ = {
			isa = PBXProject;
			attributes = {
				BuildIndependentTargetsInParallel = 1;
				LastSwiftUpdateCheck = 1340;
				LastUpgradeCheck = 1340;
				TargetAttributes = {
					B1B2ACC028B5535600540858 = {
						CreatedOnToolsVersion = 13.4.1;
					};
				};
			};
			buildConfigurationList = B1B2ACBC28B5535600540858 /* Build configuration list for PBXProject "KuringCampusMapExample" */;
			compatibilityVersion = "Xcode 13.0";
			developmentRegion = en;
			hasScannedForEncodings = 0;
			knownRegions = (
				en,
				Base,
			);
			mainGroup = B1B2ACB828B5535600540858;
			packageReferences = (
				B12672A228B6046000C63ACC /* XCRemoteSwiftPackageReference "kuring-campus-map-ios" */,
				B12672A528B6048100C63ACC /* XCRemoteSwiftPackageReference "SnapKit" */,
			);
			productRefGroup = B1B2ACC228B5535600540858 /* Products */;
			projectDirPath = "";
			projectRoot = "";
			targets = (
				B1B2ACC028B5535600540858 /* KuringCampusMapExample */,
			);
		};
/* End PBXProject section */

/* Begin PBXResourcesBuildPhase section */
		B1B2ACBF28B5535600540858 /* Resources */ = {
			isa = PBXResourcesBuildPhase;
			buildActionMask = 2147483647;
			files = (
				B1B2ACD128B5535700540858 /* LaunchScreen.storyboard in Resources */,
				B1B2ACCE28B5535700540858 /* Assets.xcassets in Resources */,
			);
			runOnlyForDeploymentPostprocessing = 0;
		};
/* End PBXResourcesBuildPhase section */

/* Begin PBXSourcesBuildPhase section */
		B1B2ACBD28B5535600540858 /* Sources */ = {
			isa = PBXSourcesBuildPhase;
			buildActionMask = 2147483647;
			files = (
				B1B2ACC528B5535600540858 /* AppDelegate.swift in Sources */,
				B1B2ACC728B5535600540858 /* SceneDelegate.swift in Sources */,
			);
			runOnlyForDeploymentPostprocessing = 0;
		};
/* End PBXSourcesBuildPhase section */

/* Begin PBXVariantGroup section */
		B1B2ACCF28B5535700540858 /* LaunchScreen.storyboard */ = {
			isa = PBXVariantGroup;
			children = (
				B1B2ACD028B5535700540858 /* Base */,
			);
			name = LaunchScreen.storyboard;
			sourceTree = "<group>";
		};
/* End PBXVariantGroup section */

/* Begin XCBuildConfiguration section */
		B1B2ACD328B5535700540858 /* Debug */ = {
			isa = XCBuildConfiguration;
			buildSettings = {
				ALWAYS_SEARCH_USER_PATHS = NO;
				CLANG_ANALYZER_NONNULL = YES;
				CLANG_ANALYZER_NUMBER_OBJECT_CONVERSION = YES_AGGRESSIVE;
				CLANG_CXX_LANGUAGE_STANDARD = "gnu++17";
				CLANG_ENABLE_MODULES = YES;
				CLANG_ENABLE_OBJC_ARC = YES;
				CLANG_ENABLE_OBJC_WEAK = YES;
				CLANG_WARN_BLOCK_CAPTURE_AUTORELEASING = YES;
				CLANG_WARN_BOOL_CONVERSION = YES;
				CLANG_WARN_COMMA = YES;
				CLANG_WARN_CONSTANT_CONVERSION = YES;
				CLANG_WARN_DEPRECATED_OBJC_IMPLEMENTATIONS = YES;
				CLANG_WARN_DIRECT_OBJC_ISA_USAGE = YES_ERROR;
				CLANG_WARN_DOCUMENTATION_COMMENTS = YES;
				CLANG_WARN_EMPTY_BODY = YES;
				CLANG_WARN_ENUM_CONVERSION = YES;
				CLANG_WARN_INFINITE_RECURSION = YES;
				CLANG_WARN_INT_CONVERSION = YES;
				CLANG_WARN_NON_LITERAL_NULL_CONVERSION = YES;
				CLANG_WARN_OBJC_IMPLICIT_RETAIN_SELF = YES;
				CLANG_WARN_OBJC_LITERAL_CONVERSION = YES;
				CLANG_WARN_OBJC_ROOT_CLASS = YES_ERROR;
				CLANG_WARN_QUOTED_INCLUDE_IN_FRAMEWORK_HEADER = YES;
				CLANG_WARN_RANGE_LOOP_ANALYSIS = YES;
				CLANG_WARN_STRICT_PROTOTYPES = YES;
				CLANG_WARN_SUSPICIOUS_MOVE = YES;
				CLANG_WARN_UNGUARDED_AVAILABILITY = YES_AGGRESSIVE;
				CLANG_WARN_UNREACHABLE_CODE = YES;
				CLANG_WARN__DUPLICATE_METHOD_MATCH = YES;
				COPY_PHASE_STRIP = NO;
				DEBUG_INFORMATION_FORMAT = dwarf;
				ENABLE_STRICT_OBJC_MSGSEND = YES;
				ENABLE_TESTABILITY = YES;
				GCC_C_LANGUAGE_STANDARD = gnu11;
				GCC_DYNAMIC_NO_PIC = NO;
				GCC_NO_COMMON_BLOCKS = YES;
				GCC_OPTIMIZATION_LEVEL = 0;
				GCC_PREPROCESSOR_DEFINITIONS = (
					"DEBUG=1",
					"$(inherited)",
				);
				GCC_WARN_64_TO_32_BIT_CONVERSION = YES;
				GCC_WARN_ABOUT_RETURN_TYPE = YES_ERROR;
				GCC_WARN_UNDECLARED_SELECTOR = YES;
				GCC_WARN_UNINITIALIZED_AUTOS = YES_AGGRESSIVE;
				GCC_WARN_UNUSED_FUNCTION = YES;
				GCC_WARN_UNUSED_VARIABLE = YES;
				IPHONEOS_DEPLOYMENT_TARGET = 15.5;
				MTL_ENABLE_DEBUG_INFO = INCLUDE_SOURCE;
				MTL_FAST_MATH = YES;
				ONLY_ACTIVE_ARCH = YES;
				SDKROOT = iphoneos;
				SWIFT_ACTIVE_COMPILATION_CONDITIONS = DEBUG;
				SWIFT_OPTIMIZATION_LEVEL = "-Onone";
			};
			name = Debug;
		};
		B1B2ACD428B5535700540858 /* Release */ = {
			isa = XCBuildConfiguration;
			buildSettings = {
				ALWAYS_SEARCH_USER_PATHS = NO;
				CLANG_ANALYZER_NONNULL = YES;
				CLANG_ANALYZER_NUMBER_OBJECT_CONVERSION = YES_AGGRESSIVE;
				CLANG_CXX_LANGUAGE_STANDARD = "gnu++17";
				CLANG_ENABLE_MODULES = YES;
				CLANG_ENABLE_OBJC_ARC = YES;
				CLANG_ENABLE_OBJC_WEAK = YES;
				CLANG_WARN_BLOCK_CAPTURE_AUTORELEASING = YES;
				CLANG_WARN_BOOL_CONVERSION = YES;
				CLANG_WARN_COMMA = YES;
				CLANG_WARN_CONSTANT_CONVERSION = YES;
				CLANG_WARN_DEPRECATED_OBJC_IMPLEMENTATIONS = YES;
				CLANG_WARN_DIRECT_OBJC_ISA_USAGE = YES_ERROR;
				CLANG_WARN_DOCUMENTATION_COMMENTS = YES;
				CLANG_WARN_EMPTY_BODY = YES;
				CLANG_WARN_ENUM_CONVERSION = YES;
				CLANG_WARN_INFINITE_RECURSION = YES;
				CLANG_WARN_INT_CONVERSION = YES;
				CLANG_WARN_NON_LITERAL_NULL_CONVERSION = YES;
				CLANG_WARN_OBJC_IMPLICIT_RETAIN_SELF = YES;
				CLANG_WARN_OBJC_LITERAL_CONVERSION = YES;
				CLANG_WARN_OBJC_ROOT_CLASS = YES_ERROR;
				CLANG_WARN_QUOTED_INCLUDE_IN_FRAMEWORK_HEADER = YES;
				CLANG_WARN_RANGE_LOOP_ANALYSIS = YES;
				CLANG_WARN_STRICT_PROTOTYPES = YES;
				CLANG_WARN_SUSPICIOUS_MOVE = YES;
				CLANG_WARN_UNGUARDED_AVAILABILITY = YES_AGGRESSIVE;
				CLANG_WARN_UNREACHABLE_CODE = YES;
				CLANG_WARN__DUPLICATE_METHOD_MATCH = YES;
				COPY_PHASE_STRIP = NO;
				DEBUG_INFORMATION_FORMAT = "dwarf-with-dsym";
				ENABLE_NS_ASSERTIONS = NO;
				ENABLE_STRICT_OBJC_MSGSEND = YES;
				GCC_C_LANGUAGE_STANDARD = gnu11;
				GCC_NO_COMMON_BLOCKS = YES;
				GCC_WARN_64_TO_32_BIT_CONVERSION = YES;
				GCC_WARN_ABOUT_RETURN_TYPE = YES_ERROR;
				GCC_WARN_UNDECLARED_SELECTOR = YES;
				GCC_WARN_UNINITIALIZED_AUTOS = YES_AGGRESSIVE;
				GCC_WARN_UNUSED_FUNCTION = YES;
				GCC_WARN_UNUSED_VARIABLE = YES;
				IPHONEOS_DEPLOYMENT_TARGET = 15.5;
				MTL_ENABLE_DEBUG_INFO = NO;
				MTL_FAST_MATH = YES;
				SDKROOT = iphoneos;
				SWIFT_COMPILATION_MODE = wholemodule;
				SWIFT_OPTIMIZATION_LEVEL = "-O";
				VALIDATE_PRODUCT = YES;
			};
			name = Release;
		};
		B1B2ACD628B5535700540858 /* Debug */ = {
			isa = XCBuildConfiguration;
			buildSettings = {
				ASSETCATALOG_COMPILER_APPICON_NAME = AppIcon;
				ASSETCATALOG_COMPILER_GLOBAL_ACCENT_COLOR_NAME = AccentColor;
				CODE_SIGN_STYLE = Automatic;
				CURRENT_PROJECT_VERSION = 1;
				GENERATE_INFOPLIST_FILE = YES;
				INFOPLIST_FILE = KuringCampusMapExample/Info.plist;
				INFOPLIST_KEY_UIApplicationSupportsIndirectInputEvents = YES;
				INFOPLIST_KEY_UILaunchStoryboardName = LaunchScreen;
				INFOPLIST_KEY_UISupportedInterfaceOrientations_iPad = "UIInterfaceOrientationPortrait UIInterfaceOrientationPortraitUpsideDown UIInterfaceOrientationLandscapeLeft UIInterfaceOrientationLandscapeRight";
				INFOPLIST_KEY_UISupportedInterfaceOrientations_iPhone = "UIInterfaceOrientationPortrait UIInterfaceOrientationLandscapeLeft UIInterfaceOrientationLandscapeRight";
				LD_RUNPATH_SEARCH_PATHS = (
					"$(inherited)",
					"@executable_path/Frameworks",
				);
				MARKETING_VERSION = 1.0;
				PRODUCT_BUNDLE_IDENTIFIER = com.KuringCampusMapExample;
				PRODUCT_NAME = "$(TARGET_NAME)";
				SWIFT_EMIT_LOC_STRINGS = YES;
				SWIFT_VERSION = 5.0;
				TARGETED_DEVICE_FAMILY = "1,2";
			};
			name = Debug;
		};
		B1B2ACD728B5535700540858 /* Release */ = {
			isa = XCBuildConfiguration;
			buildSettings = {
				ASSETCATALOG_COMPILER_APPICON_NAME = AppIcon;
				ASSETCATALOG_COMPILER_GLOBAL_ACCENT_COLOR_NAME = AccentColor;
				CODE_SIGN_STYLE = Automatic;
				CURRENT_PROJECT_VERSION = 1;
				GENERATE_INFOPLIST_FILE = YES;
				INFOPLIST_FILE = KuringCampusMapExample/Info.plist;
				INFOPLIST_KEY_UIApplicationSupportsIndirectInputEvents = YES;
				INFOPLIST_KEY_UILaunchStoryboardName = LaunchScreen;
				INFOPLIST_KEY_UISupportedInterfaceOrientations_iPad = "UIInterfaceOrientationPortrait UIInterfaceOrientationPortraitUpsideDown UIInterfaceOrientationLandscapeLeft UIInterfaceOrientationLandscapeRight";
				INFOPLIST_KEY_UISupportedInterfaceOrientations_iPhone = "UIInterfaceOrientationPortrait UIInterfaceOrientationLandscapeLeft UIInterfaceOrientationLandscapeRight";
				LD_RUNPATH_SEARCH_PATHS = (
					"$(inherited)",
					"@executable_path/Frameworks",
				);
				MARKETING_VERSION = 1.0;
				PRODUCT_BUNDLE_IDENTIFIER = com.KuringCampusMapExample;
				PRODUCT_NAME = "$(TARGET_NAME)";
				SWIFT_EMIT_LOC_STRINGS = YES;
				SWIFT_VERSION = 5.0;
				TARGETED_DEVICE_FAMILY = "1,2";
			};
			name = Release;
		};
/* End XCBuildConfiguration section */

/* Begin XCConfigurationList section */
		B1B2ACBC28B5535600540858 /* Build configuration list for PBXProject "KuringCampusMapExample" */ = {
			isa = XCConfigurationList;
			buildConfigurations = (
				B1B2ACD328B5535700540858 /* Debug */,
				B1B2ACD428B5535700540858 /* Release */,
			);
			defaultConfigurationIsVisible = 0;
			defaultConfigurationName = Release;
		};
		B1B2ACD528B5535700540858 /* Build configuration list for PBXNativeTarget "KuringCampusMapExample" */ = {
			isa = XCConfigurationList;
			buildConfigurations = (
				B1B2ACD628B5535700540858 /* Debug */,
				B1B2ACD728B5535700540858 /* Release */,
			);
			defaultConfigurationIsVisible = 0;
			defaultConfigurationName = Release;
		};
/* End XCConfigurationList section */

/* Begin XCRemoteSwiftPackageReference section */
		B12672A228B6046000C63ACC /* XCRemoteSwiftPackageReference "kuring-campus-map-ios" */ = {
			isa = XCRemoteSwiftPackageReference;
			repositoryURL = "https://github.com/KU-Stacks/kuring-campus-map-ios";
			requirement = {
				kind = upToNextMinorVersion;
				minimumVersion = 1.0.3;
			};
		};
		B12672A528B6048100C63ACC /* XCRemoteSwiftPackageReference "SnapKit" */ = {
			isa = XCRemoteSwiftPackageReference;
			repositoryURL = "https://github.com/SnapKit/SnapKit";
			requirement = {
				kind = upToNextMinorVersion;
				minimumVersion = 5.6.0;
			};
		};
/* End XCRemoteSwiftPackageReference section */

/* Begin XCSwiftPackageProductDependency section */
		B12672A328B6046000C63ACC /* kuring-campus-map-ios */ = {
			isa = XCSwiftPackageProductDependency;
			package = B12672A228B6046000C63ACC /* XCRemoteSwiftPackageReference "kuring-campus-map-ios" */;
			productName = "kuring-campus-map-ios";
		};
		B12672A628B6048100C63ACC /* SnapKit */ = {
			isa = XCSwiftPackageProductDependency;
			package = B12672A528B6048100C63ACC /* XCRemoteSwiftPackageReference "SnapKit" */;
			productName = SnapKit;
		};
		B12672A928B6049400C63ACC /* SnapKit */ = {
			isa = XCSwiftPackageProductDependency;
			package = B12672A528B6048100C63ACC /* XCRemoteSwiftPackageReference "SnapKit" */;
			productName = SnapKit;
		};
/* End XCSwiftPackageProductDependency section */
	};
	rootObject = B1B2ACB928B5535600540858 /* Project object */;
}
